{
  "name": "lujiayuan_site",
  "lockfileVersion": 2,
  "requires": true,
  "packages": {
    "": {
      "dependencies": {
        "pagefind": "^1.0.3"
      }
    },
    "node_modules/@pagefind/darwin-arm64": {
      "version": "1.0.3",
      "resolved": "http://registry.npm.release.ctripcorp.com/@pagefind/darwin-arm64/download/@pagefind/darwin-arm64-1.0.3.tgz",
      "integrity": "sha1-U3f/LD/KlxJdBiTaAZtSzCN17bk=",
      "cpu": [
        "arm64"
      ],
      "license": "MIT",
      "optional": true,
      "os": [
        "darwin"
      ]
    },
    "node_modules/@pagefind/darwin-x64": {
      "version": "1.0.3",
      "resolved": "http://registry.npm.release.ctripcorp.com/@pagefind/darwin-x64/download/@pagefind/darwin-x64-1.0.3.tgz",
      "integrity": "sha1-xLrmUi47rAmp9Y9I+JNW3Kkx9co=",
      "cpu": [
        "x64"
      ],
      "license": "MIT",
      "optional": true,
      "os": [
        "darwin"
      ]
    },
    "node_modules/@pagefind/linux-arm64": {
      "version": "1.0.3",
      "resolved": "http://registry.npm.release.ctripcorp.com/@pagefind/linux-arm64/download/@pagefind/linux-arm64-1.0.3.tgz",
      "integrity": "sha1-raXsAwxyhvlW1Qauvh4eU+qCaWY=",
      "cpu": [
        "arm64"
      ],
      "license": "MIT",
      "optional": true,
      "os": [
        "linux"
      ]
    },
    "node_modules/@pagefind/linux-x64": {
      "version": "1.0.3",
      "resolved": "http://registry.npm.release.ctripcorp.com/@pagefind/linux-x64/download/@pagefind/linux-x64-1.0.3.tgz",
      "integrity": "sha1-T2WLrJzl6fsi4KQ1D/kz5iHGuRY=",
      "cpu": [
        "x64"
      ],
      "license": "MIT",
      "optional": true,
      "os": [
        "linux"
      ]
    },
    "node_modules/@pagefind/windows-x64": {
      "version": "1.0.3",
      "resolved": "http://registry.npm.release.ctripcorp.com/@pagefind/windows-x64/download/@pagefind/windows-x64-1.0.3.tgz",
      "integrity": "sha1-aGxGyydOCHNi0KjW/wPomhDuUI4=",
      "cpu": [
        "x64"
      ],
      "license": "MIT",
      "optional": true,
      "os": [
        "win32"
      ]
    },
    "node_modules/pagefind": {
      "version": "1.0.3",
      "resolved": "http://registry.npm.release.ctripcorp.com/pagefind/download/pagefind-1.0.3.tgz",
      "integrity": "sha1-HOIRhAjUL70wPotWftP/8TSJUTg=",
      "license": "MIT",
      "bin": {
        "pagefind": "lib/runner/bin.cjs"
      },
      "optionalDependencies": {
        "@pagefind/darwin-arm64": "1.0.3",
        "@pagefind/darwin-x64": "1.0.3",
        "@pagefind/linux-arm64": "1.0.3",
        "@pagefind/linux-x64": "1.0.3",
        "@pagefind/windows-x64": "1.0.3"
      }
    }
  },
  "dependencies": {
    "@pagefind/darwin-arm64": {
      "version": "1.0.3",
      "resolved": "http://registry.npm.release.ctripcorp.com/@pagefind/darwin-arm64/download/@pagefind/darwin-arm64-1.0.3.tgz",
      "integrity": "sha1-U3f/LD/KlxJdBiTaAZtSzCN17bk=",
      "optional": true
    },
    "@pagefind/darwin-x64": {
      "version": "1.0.3",
      "resolved": "http://registry.npm.release.ctripcorp.com/@pagefind/darwin-x64/download/@pagefind/darwin-x64-1.0.3.tgz",
      "integrity": "sha1-xLrmUi47rAmp9Y9I+JNW3Kkx9co=",
      "optional": true
    },
    "@pagefind/linux-arm64": {
      "version": "1.0.3",
      "resolved": "http://registry.npm.release.ctripcorp.com/@pagefind/linux-arm64/download/@pagefind/linux-arm64-1.0.3.tgz",
      "integrity": "sha1-raXsAwxyhvlW1Qauvh4eU+qCaWY=",
      "optional": true
    },
    "@pagefind/linux-x64": {
      "version": "1.0.3",
      "resolved": "http://registry.npm.release.ctripcorp.com/@pagefind/linux-x64/download/@pagefind/linux-x64-1.0.3.tgz",
      "integrity": "sha1-T2WLrJzl6fsi4KQ1D/kz5iHGuRY=",
      "optional": true
    },
    "@pagefind/windows-x64": {
      "version": "1.0.3",
      "resolved": "http://registry.npm.release.ctripcorp.com/@pagefind/windows-x64/download/@pagefind/windows-x64-1.0.3.tgz",
      "integrity": "sha1-aGxGyydOCHNi0KjW/wPomhDuUI4=",
      "optional": true
    },
    "pagefind": {
      "version": "1.0.3",
      "resolved": "http://registry.npm.release.ctripcorp.com/pagefind/download/pagefind-1.0.3.tgz",
      "integrity": "sha1-HOIRhAjUL70wPotWftP/8TSJUTg=",
      "requires": {
        "@pagefind/darwin-arm64": "1.0.3",
        "@pagefind/darwin-x64": "1.0.3",
        "@pagefind/linux-arm64": "1.0.3",
        "@pagefind/linux-x64": "1.0.3",
        "@pagefind/windows-x64": "1.0.3"
      }
    }
  }
}
